
Microsoft Visual Studio Solution File, Format Version 12.00
# Visual Studio 14
VisualStudioVersion = 14.0.25420.1
MinimumVisualStudioVersion = 10.0.40219.1
Project("{FAE04EC0-301F-11D3-BF4B-00C04F79EFBC}") = "Övning 1.7", "Övning 1.7\Övning 1.7.csproj", "{A620C3AF-A46B-443A-BCEE-5E9682253708}"
EndProject
Global
	GlobalSection(SolutionConfigurationPlatforms) = preSolution
		Debug|Any CPU = Debug|Any CPU
		Release|Any CPU = Release|Any CPU
	EndGlobalSection
	GlobalSection(ProjectConfigurationPlatforms) = postSolution
		{A620C3AF-A46B-443A-BCEE-5E9682253708}.Debug|Any CPU.ActiveCfg = Debug|Any CPU
		{A620C3AF-A46B-443A-BCEE-5E9682253708}.Debug|Any CPU.Build.0 = Debug|Any CPU
		{A620C3AF-A46B-443A-BCEE-5E9682253708}.Release|Any CPU.ActiveCfg = Release|Any CPU
		{A620C3AF-A46B-443A-BCEE-5E9682253708}.Release|Any CPU.Build.0 = Release|Any CPU
	EndGlobalSection
	GlobalSection(SolutionProperties) = preSolution
		HideSolutionNode = FALSE
	EndGlobalSection
EndGlobal
